// !$*UTF8*$!
{
	archiveVersion = 1;
	classes = {
	};
	objectVersion = 46;
	objects = {

/* Begin PBXBuildFile section */
		845C1B431D358BB00072628D /* main.m in Sources */ = {isa = PBXBuildFile; fileRef = 845C1B421D358BB00072628D /* main.m */; };
		845C1B461D358BB00072628D /* AppDelegate.m in Sources */ = {isa = PBXBuildFile; fileRef = 845C1B451D358BB00072628D /* AppDelegate.m */; };
		845C1B491D358BB00072628D /* ViewController.m in Sources */ = {isa = PBXBuildFile; fileRef = 845C1B481D358BB00072628D /* ViewController.m */; };
		845C1B4C1D358BB00072628D /* Main.storyboard in Resources */ = {isa = PBXBuildFile; fileRef = 845C1B4A1D358BB00072628D /* Main.storyboard */; };
		845C1B4E1D358BB00072628D /* Assets.xcassets in Resources */ = {isa = PBXBuildFile; fileRef = 845C1B4D1D358BB00072628D /* Assets.xcassets */; };
		84A0981B1D3600E50071D056 /* SatelliteMenuViewController.m in Sources */ = {isa = PBXBuildFile; fileRef = 84A0981A1D3600E50071D056 /* SatelliteMenuViewController.m */; };
		84A0981E1D3601070071D056 /* ShemeMenuViewController.m in Sources */ = {isa = PBXBuildFile; fileRef = 84A0981D1D3601070071D056 /* ShemeMenuViewController.m */; };
		84A098211D36012A0071D056 /* HybridMenuViewController.m in Sources */ = {isa = PBXBuildFile; fileRef = 84A098201D36012A0071D056 /* HybridMenuViewController.m */; };
		84A098251D3613210071D056 /* LeftMenuViewController.m in Sources */ = {isa = PBXBuildFile; fileRef = 84A098231D3613210071D056 /* LeftMenuViewController.m */; };
		A60877F7A7B5AEC85E78AD18 /* Pods_testTask.framework in Frameworks */ = {isa = PBXBuildFile; fileRef = 8E569572003C4EC2E1A59AD3 /* Pods_testTask.framework */; };
/* End PBXBuildFile section */

/* Begin PBXFileReference section */
		6D6569F9ADBFA12B0412C79D /* Pods-testTask.release.xcconfig */ = {isa = PBXFileReference; includeInIndex = 1; lastKnownFileType = text.xcconfig; name = "Pods-testTask.release.xcconfig"; path = "Pods/Target Support Files/Pods-testTask/Pods-testTask.release.xcconfig"; sourceTree = "<group>"; };
		845C1B3E1D358BAF0072628D /* testTask.app */ = {isa = PBXFileReference; explicitFileType = wrapper.application; includeInIndex = 0; path = testTask.app; sourceTree = BUILT_PRODUCTS_DIR; };
		845C1B421D358BB00072628D /* main.m */ = {isa = PBXFileReference; lastKnownFileType = sourcecode.c.objc; path = main.m; sourceTree = "<group>"; };
		845C1B441D358BB00072628D /* AppDelegate.h */ = {isa = PBXFileReference; lastKnownFileType = sourcecode.c.h; path = AppDelegate.h; sourceTree = "<group>"; };
		845C1B451D358BB00072628D /* AppDelegate.m */ = {isa = PBXFileReference; lastKnownFileType = sourcecode.c.objc; path = AppDelegate.m; sourceTree = "<group>"; };
		845C1B471D358BB00072628D /* ViewController.h */ = {isa = PBXFileReference; lastKnownFileType = sourcecode.c.h; path = ViewController.h; sourceTree = "<group>"; };
		845C1B481D358BB00072628D /* ViewController.m */ = {isa = PBXFileReference; lastKnownFileType = sourcecode.c.objc; path = ViewController.m; sourceTree = "<group>"; };
		845C1B4B1D358BB00072628D /* Base */ = {isa = PBXFileReference; lastKnownFileType = file.storyboard; name = Base; path = Base.lproj/Main.storyboard; sourceTree = "<group>"; };
		845C1B4D1D358BB00072628D /* Assets.xcassets */ = {isa = PBXFileReference; lastKnownFileType = folder.assetcatalog; path = Assets.xcassets; sourceTree = "<group>"; };
		845C1B521D358BB00072628D /* Info.plist */ = {isa = PBXFileReference; lastKnownFileType = text.plist.xml; path = Info.plist; sourceTree = "<group>"; };
		84A098191D3600E50071D056 /* SatelliteMenuViewController.h */ = {isa = PBXFileReference; fileEncoding = 4; lastKnownFileType = sourcecode.c.h; path = SatelliteMenuViewController.h; sourceTree = "<group>"; };
		84A0981A1D3600E50071D056 /* SatelliteMenuViewController.m */ = {isa = PBXFileReference; fileEncoding = 4; lastKnownFileType = sourcecode.c.objc; path = SatelliteMenuViewController.m; sourceTree = "<group>"; };
		84A0981C1D3601070071D056 /* ShemeMenuViewController.h */ = {isa = PBXFileReference; fileEncoding = 4; lastKnownFileType = sourcecode.c.h; path = ShemeMenuViewController.h; sourceTree = "<group>"; };
		84A0981D1D3601070071D056 /* ShemeMenuViewController.m */ = {isa = PBXFileReference; fileEncoding = 4; lastKnownFileType = sourcecode.c.objc; path = ShemeMenuViewController.m; sourceTree = "<group>"; };
		84A0981F1D36012A0071D056 /* HybridMenuViewController.h */ = {isa = PBXFileReference; fileEncoding = 4; lastKnownFileType = sourcecode.c.h; path = HybridMenuViewController.h; sourceTree = "<group>"; };
		84A098201D36012A0071D056 /* HybridMenuViewController.m */ = {isa = PBXFileReference; fileEncoding = 4; lastKnownFileType = sourcecode.c.objc; path = HybridMenuViewController.m; sourceTree = "<group>"; };
		84A098221D3613210071D056 /* LeftMenuViewController.h */ = {isa = PBXFileReference; fileEncoding = 4; lastKnownFileType = sourcecode.c.h; path = LeftMenuViewController.h; sourceTree = "<group>"; };
		84A098231D3613210071D056 /* LeftMenuViewController.m */ = {isa = PBXFileReference; fileEncoding = 4; lastKnownFileType = sourcecode.c.objc; path = LeftMenuViewController.m; sourceTree = "<group>"; };
		8E569572003C4EC2E1A59AD3 /* Pods_testTask.framework */ = {isa = PBXFileReference; explicitFileType = wrapper.framework; includeInIndex = 0; path = Pods_testTask.framework; sourceTree = BUILT_PRODUCTS_DIR; };
		D5AA00C5D368EFBFC447B0D4 /* Pods-testTask.debug.xcconfig */ = {isa = PBXFileReference; includeInIndex = 1; lastKnownFileType = text.xcconfig; name = "Pods-testTask.debug.xcconfig"; path = "Pods/Target Support Files/Pods-testTask/Pods-testTask.debug.xcconfig"; sourceTree = "<group>"; };
/* End PBXFileReference section */

/* Begin PBXFrameworksBuildPhase section */
		845C1B3B1D358BAF0072628D /* Frameworks */ = {
			isa = PBXFrameworksBuildPhase;
			buildActionMask = 2147483647;
			files = (
				A60877F7A7B5AEC85E78AD18 /* Pods_testTask.framework in Frameworks */,
			);
			runOnlyForDeploymentPostprocessing = 0;
		};
/* End PBXFrameworksBuildPhase section */

/* Begin PBXGroup section */
		845C1B351D358BAF0072628D = {
			isa = PBXGroup;
			children = (
				845C1B401D358BB00072628D /* testTask */,
				845C1B3F1D358BAF0072628D /* Products */,
				D5D4108752585A62452DE919 /* Pods */,
				B8682562821954CEEA59C682 /* Frameworks */,
			);
			sourceTree = "<group>";
		};
		845C1B3F1D358BAF0072628D /* Products */ = {
			isa = PBXGroup;
			children = (
				845C1B3E1D358BAF0072628D /* testTask.app */,
			);
			name = Products;
			sourceTree = "<group>";
		};
		845C1B401D358BB00072628D /* testTask */ = {
			isa = PBXGroup;
			children = (
				845C1B441D358BB00072628D /* AppDelegate.h */,
				845C1B451D358BB00072628D /* AppDelegate.m */,
				845C1B471D358BB00072628D /* ViewController.h */,
				845C1B481D358BB00072628D /* ViewController.m */,
				845C1B4A1D358BB00072628D /* Main.storyboard */,
				845C1B4D1D358BB00072628D /* Assets.xcassets */,
				845C1B521D358BB00072628D /* Info.plist */,
				845C1B411D358BB00072628D /* Supporting Files */,
				84A098191D3600E50071D056 /* SatelliteMenuViewController.h */,
				84A0981A1D3600E50071D056 /* SatelliteMenuViewController.m */,
				84A0981C1D3601070071D056 /* ShemeMenuViewController.h */,
				84A0981D1D3601070071D056 /* ShemeMenuViewController.m */,
				84A0981F1D36012A0071D056 /* HybridMenuViewController.h */,
				84A098201D36012A0071D056 /* HybridMenuViewController.m */,
				84A098221D3613210071D056 /* LeftMenuViewController.h */,
				84A098231D3613210071D056 /* LeftMenuViewController.m */,
			);
			path = testTask;
			sourceTree = "<group>";
		};
		845C1B411D358BB00072628D /* Supporting Files */ = {
			isa = PBXGroup;
			children = (
				845C1B421D358BB00072628D /* main.m */,
			);
			name = "Supporting Files";
			sourceTree = "<group>";
		};
		B8682562821954CEEA59C682 /* Frameworks */ = {
			isa = PBXGroup;
			children = (
				8E569572003C4EC2E1A59AD3 /* Pods_testTask.framework */,
			);
			name = Frameworks;
			sourceTree = "<group>";
		};
		D5D4108752585A62452DE919 /* Pods */ = {
			isa = PBXGroup;
			children = (
				D5AA00C5D368EFBFC447B0D4 /* Pods-testTask.debug.xcconfig */,
				6D6569F9ADBFA12B0412C79D /* Pods-testTask.release.xcconfig */,
			);
			name = Pods;
			sourceTree = "<group>";
		};
/* End PBXGroup section */

/* Begin PBXNativeTarget section */
		845C1B3D1D358BAF0072628D /* testTask */ = {
			isa = PBXNativeTarget;
			buildConfigurationList = 845C1B551D358BB00072628D /* Build configuration list for PBXNativeTarget "testTask" */;
			buildPhases = (
				340A8B435E608C7BCA5894A1 /* [CP] Check Pods Manifest.lock */,
				845C1B3A1D358BAF0072628D /* Sources */,
				845C1B3B1D358BAF0072628D /* Frameworks */,
				845C1B3C1D358BAF0072628D /* Resources */,
				565FF78A5E1EE5F3AD5644AF /* [CP] Embed Pods Frameworks */,
				3A05633A3573192584553B19 /* [CP] Copy Pods Resources */,
			);
			buildRules = (
			);
			dependencies = (
			);
			name = testTask;
			productName = testTask;
			productReference = 845C1B3E1D358BAF0072628D /* testTask.app */;
			productType = "com.apple.product-type.application";
		};
/* End PBXNativeTarget section */

/* Begin PBXProject section */
		845C1B361D358BAF0072628D /* Project object */ = {
			isa = PBXProject;
			attributes = {
				LastUpgradeCheck = 0730;
				ORGANIZATIONNAME = Admin;
				TargetAttributes = {
					845C1B3D1D358BAF0072628D = {
						CreatedOnToolsVersion = 7.3.1;
						DevelopmentTeam = 5VXERT4L4M;
					};
				};
			};
			buildConfigurationList = 845C1B391D358BAF0072628D /* Build configuration list for PBXProject "testTask" */;
			compatibilityVersion = "Xcode 3.2";
			developmentRegion = English;
			hasScannedForEncodings = 0;
			knownRegions = (
				en,
				Base,
			);
			mainGroup = 845C1B351D358BAF0072628D;
			productRefGroup = 845C1B3F1D358BAF0072628D /* Products */;
			projectDirPath = "";
			projectRoot = "";
			targets = (
				845C1B3D1D358BAF0072628D /* testTask */,
			);
		};
/* End PBXProject section */

/* Begin PBXResourcesBuildPhase section */
		845C1B3C1D358BAF0072628D /* Resources */ = {
			isa = PBXResourcesBuildPhase;
			buildActionMask = 2147483647;
			files = (
				845C1B4E1D358BB00072628D /* Assets.xcassets in Resources */,
				845C1B4C1D358BB00072628D /* Main.storyboard in Resources */,
			);
			runOnlyForDeploymentPostprocessing = 0;
		};
/* End PBXResourcesBuildPhase section */

/* Begin PBXShellScriptBuildPhase section */
		340A8B435E608C7BCA5894A1 /* [CP] Check Pods Manifest.lock */ = {
			isa = PBXShellScriptBuildPhase;
			buildActionMask = 2147483647;
			files = (
			);
			inputPaths = (
			);
			name = "[CP] Check Pods Manifest.lock";
			outputPaths = (
			);
			runOnlyForDeploymentPostprocessing = 0;
			shellPath = /bin/sh;
			shellScript = "diff \"${PODS_ROOT}/../Podfile.lock\" \"${PODS_ROOT}/Manifest.lock\" > /dev/null\nif [[ $? != 0 ]] ; then\n    cat << EOM\nerror: The sandbox is not in sync with the Podfile.lock. Run 'pod install' or update your CocoaPods installation.\nEOM\n    exit 1\nfi\n";
			showEnvVarsInLog = 0;
		};
		3A05633A3573192584553B19 /* [CP] Copy Pods Resources */ = {
			isa = PBXShellScriptBuildPhase;
			buildActionMask = 2147483647;
			files = (
			);
			inputPaths = (
			);
			name = "[CP] Copy Pods Resources";
			outputPaths = (
			);
			runOnlyForDeploymentPostprocessing = 0;
			shellPath = /bin/sh;
			shellScript = "\"${SRCROOT}/Pods/Target Support Files/Pods-testTask/Pods-testTask-resources.sh\"\n";
			showEnvVarsInLog = 0;
		};
		565FF78A5E1EE5F3AD5644AF /* [CP] Embed Pods Frameworks */ = {
			isa = PBXShellScriptBuildPhase;
			buildActionMask = 2147483647;
			files = (
			);
			inputPaths = (
			);
			name = "[CP] Embed Pods Frameworks";
			outputPaths = (
			);
			runOnlyForDeploymentPostprocessing = 0;
			shellPath = /bin/sh;
			shellScript = "\"${SRCROOT}/Pods/Target Support Files/Pods-testTask/Pods-testTask-frameworks.sh\"\n";
			showEnvVarsInLog = 0;
		};
/* End PBXShellScriptBuildPhase section */

/* Begin PBXSourcesBuildPhase section */
		845C1B3A1D358BAF0072628D /* Sources */ = {
			isa = PBXSourcesBuildPhase;
			buildActionMask = 2147483647;
			files = (
				845C1B491D358BB00072628D /* ViewController.m in Sources */,
				845C1B461D358BB00072628D /* AppDelegate.m in Sources */,
				84A0981E1D3601070071D056 /* ShemeMenuViewController.m in Sources */,
				84A098211D36012A0071D056 /* HybridMenuViewController.m in Sources */,
				84A098251D3613210071D056 /* LeftMenuViewController.m in Sources */,
				84A0981B1D3600E50071D056 /* SatelliteMenuViewController.m in Sources */,
				845C1B431D358BB00072628D /* main.m in Sources */,
			);
			runOnlyForDeploymentPostprocessing = 0;
		};
/* End PBXSourcesBuildPhase section */

/* Begin PBXVariantGroup section */
		845C1B4A1D358BB00072628D /* Main.storyboard */ = {
			isa = PBXVariantGroup;
			children = (
				845C1B4B1D358BB00072628D /* Base */,
			);
			name = Main.storyboard;
			sourceTree = "<group>";
		};
/* End PBXVariantGroup section */

/* Begin XCBuildConfiguration section */
		845C1B531D358BB00072628D /* Debug */ = {
			isa = XCBuildConfiguration;
			buildSettings = {
				ALWAYS_SEARCH_USER_PATHS = NO;
				CLANG_ANALYZER_NONNULL = YES;
				CLANG_CXX_LANGUAGE_STANDARD = "gnu++0x";
				CLANG_CXX_LIBRARY = "libc++";
				CLANG_ENABLE_MODULES = YES;
				CLANG_ENABLE_OBJC_ARC = YES;
				CLANG_WARN_BOOL_CONVERSION = YES;
				CLANG_WARN_CONSTANT_CONVERSION = YES;
				CLANG_WARN_DIRECT_OBJC_ISA_USAGE = YES_ERROR;
				CLANG_WARN_EMPTY_BODY = YES;
				CLANG_WARN_ENUM_CONVERSION = YES;
				CLANG_WARN_INT_CONVERSION = YES;
				CLANG_WARN_OBJC_ROOT_CLASS = YES_ERROR;
				CLANG_WARN_UNREACHABLE_CODE = YES;
				CLANG_WARN__DUPLICATE_METHOD_MATCH = YES;
				"CODE_SIGN_IDENTITY[sdk=iphoneos*]" = "iPhone Developer";
				COPY_PHASE_STRIP = NO;
				DEBUG_INFORMATION_FORMAT = dwarf;
				ENABLE_STRICT_OBJC_MSGSEND = YES;
				ENABLE_TESTABILITY = YES;
				GCC_C_LANGUAGE_STANDARD = gnu99;
				GCC_DYNAMIC_NO_PIC = NO;
				GCC_NO_COMMON_BLOCKS = YES;
				GCC_OPTIMIZATION_LEVEL = 0;
				GCC_PREPROCESSOR_DEFINITIONS = (
					"DEBUG=1",
					"$(inherited)",
				);
				GCC_WARN_64_TO_32_BIT_CONVERSION = YES;
				GCC_WARN_ABOUT_RETURN_TYPE = YES_ERROR;
				GCC_WARN_UNDECLARED_SELECTOR = YES;
				GCC_WARN_UNINITIALIZED_AUTOS = YES_AGGRESSIVE;
				GCC_WARN_UNUSED_FUNCTION = YES;
				GCC_WARN_UNUSED_VARIABLE = YES;
				IPHONEOS_DEPLOYMENT_TARGET = 9.3;
				MTL_ENABLE_DEBUG_INFO = YES;
				ONLY_ACTIVE_ARCH = YES;
				SDKROOT = iphoneos;
				TARGETED_DEVICE_FAMILY = "1,2";
			};
			name = Debug;
		};
		845C1B541D358BB00072628D /* Release */ = {
			isa = XCBuildConfiguration;
			buildSettings = {
				ALWAYS_SEARCH_USER_PATHS = NO;
				CLANG_ANALYZER_NONNULL = YES;
				CLANG_CXX_LANGUAGE_STANDARD = "gnu++0x";
				CLANG_CXX_LIBRARY = "libc++";
				CLANG_ENABLE_MODULES = YES;
				CLANG_ENABLE_OBJC_ARC = YES;
				CLANG_WARN_BOOL_CONVERSION = YES;
				CLANG_WARN_CONSTANT_CONVERSION = YES;
				CLANG_WARN_DIRECT_OBJC_ISA_USAGE = YES_ERROR;
				CLANG_WARN_EMPTY_BODY = YES;
				CLANG_WARN_ENUM_CONVERSION = YES;
				CLANG_WARN_INT_CONVERSION = YES;
				CLANG_WARN_OBJC_ROOT_CLASS = YES_ERROR;
				CLANG_WARN_UNREACHABLE_CODE = YES;
				CLANG_WARN__DUPLICATE_METHOD_MATCH = YES;
				"CODE_SIGN_IDENTITY[sdk=iphoneos*]" = "iPhone Developer";
				COPY_PHASE_STRIP = NO;
				DEBUG_INFORMATION_FORMAT = "dwarf-with-dsym";
				ENABLE_NS_ASSERTIONS = NO;
				ENABLE_STRICT_OBJC_MSGSEND = YES;
				GCC_C_LANGUAGE_STANDARD = gnu99;
				GCC_NO_COMMON_BLOCKS = YES;
				GCC_WARN_64_TO_32_BIT_CONVERSION = YES;
				GCC_WARN_ABOUT_RETURN_TYPE = YES_ERROR;
				GCC_WARN_UNDECLARED_SELECTOR = YES;
				GCC_WARN_UNINITIALIZED_AUTOS = YES_AGGRESSIVE;
				GCC_WARN_UNUSED_FUNCTION = YES;
				GCC_WARN_UNUSED_VARIABLE = YES;
				IPHONEOS_DEPLOYMENT_TARGET = 9.3;
				MTL_ENABLE_DEBUG_INFO = NO;
				SDKROOT = iphoneos;
				TARGETED_DEVICE_FAMILY = "1,2";
				VALIDATE_PRODUCT = YES;
			};
			name = Release;
		};
		845C1B561D358BB00072628D /* Debug */ = {
			isa = XCBuildConfiguration;
			baseConfigurationReference = D5AA00C5D368EFBFC447B0D4 /* Pods-testTask.debug.xcconfig */;
			buildSettings = {
				ASSETCATALOG_COMPILER_APPICON_NAME = AppIcon;
				INFOPLIST_FILE = testTask/Info.plist;
				LD_RUNPATH_SEARCH_PATHS = "$(inherited) @executable_path/Frameworks";
				OTHER_LDFLAGS = "$(inherited)";
				PRODUCT_BUNDLE_IDENTIFIER = test.testTask;
				PRODUCT_NAME = "$(TARGET_NAME)";
			};
			name = Debug;
		};
		845C1B571D358BB00072628D /* Release */ = {
			isa = XCBuildConfiguration;
			baseConfigurationReference = 6D6569F9ADBFA12B0412C79D /* Pods-testTask.release.xcconfig */;
			buildSettings = {
				ASSETCATALOG_COMPILER_APPICON_NAME = AppIcon;
				INFOPLIST_FILE = testTask/Info.plist;
				LD_RUNPATH_SEARCH_PATHS = "$(inherited) @executable_path/Frameworks";
				OTHER_LDFLAGS = "$(inherited)";
				PRODUCT_BUNDLE_IDENTIFIER = test.testTask;
				PRODUCT_NAME = "$(TARGET_NAME)";
			};
			name = Release;
		};
/* End XCBuildConfiguration section */

/* Begin XCConfigurationList section */
		845C1B391D358BAF0072628D /* Build configuration list for PBXProject "testTask" */ = {
			isa = XCConfigurationList;
			buildConfigurations = (
				845C1B531D358BB00072628D /* Debug */,
				845C1B541D358BB00072628D /* Release */,
			);
			defaultConfigurationIsVisible = 0;
			defaultConfigurationName = Release;
		};
		845C1B551D358BB00072628D /* Build configuration list for PBXNativeTarget "testTask" */ = {
			isa = XCConfigurationList;
			buildConfigurations = (
				845C1B561D358BB00072628D /* Debug */,
				845C1B571D358BB00072628D /* Release */,
			);
			defaultConfigurationIsVisible = 0;
			defaultConfigurationName = Release;
		};
/* End XCConfigurationList section */
	};
	rootObject = 845C1B361D358BAF0072628D /* Project object */;
}
